github.com/davecgh/go-spew v1.1.0/go.mod h1:J7Y8YcW2NihsgmVo/mv3lAwl/skON4iLHjSsI+c5H38=
github.com/davecgh/go-spew v1.1.1 h1:vj9j/u1bqnvCEfJOwUhtlOARqs3+rkHYY13jYWTU97c=
github.com/davecgh/go-spew v1.1.1/go.mod h1:J7Y8YcW2NihsgmVo/mv3lAwl/skON4iLHjSsI+c5H38=
github.com/golang-jwt/jwt/v5 v5.0.0 h1:1n1XNM9hk7O9mnQoNBGolZvzebBQ7p93ULHRc28XJUE=
github.com/golang-jwt/jwt/v5 v5.0.0/go.mod h1:pqrtFR0X4osieyHYxtmOUWsAWrfe1Q5UVIyoH402zdk=
github.com/golang-jwt/jwt/v5 v5.1.0 h1:UGKbA/IPjtS6zLcdB7i5TyACMgSbOTiR8qzXgw8HWQU=
github.com/golang-jwt/jwt/v5 v5.1.0/go.mod h1:pqrtFR0X4osieyHYxtmOUWsAWrfe1Q5UVIyoH402zdk=
github.com/kr/pretty v0.1.0 h1:L/CwN0zerZDmRFUapSPitk6f+Q3+0za1rQkzVuMiMFI=
github.com/kr/pretty v0.1.0/go.mod h1:dAy3ld7l9f0ibDNOQOHHMYYIIbhfbHSm3C4ZsoJORNo=
github.com/kr/pty v1.1.1/go.mod h1:pFQYn66WHrOpPYNljwOMqo10TkYh1fy3cYio2l3bCsQ=
github.com/kr/text v0.1.0 h1:45sCR5RtlFHMR4UwH9sdQ5TC8v0qDQCHnXt+kaKSTVE=
github.com/kr/text v0.1.0/go.mod h1:4Jbv+DJW3UT/LiOwJeYQe1efqtUx/iVham/4vfdArNI=
github.com/matoous/go-nanoid v1.5.0 h1:VRorl6uCngneC4oUQqOYtO3S0H5QKFtKuKycFG3euek=
github.com/matoous/go-nanoid v1.5.0/go.mod h1:zyD2a71IubI24efhpvkJz+ZwfwagzgSO6UNiFsZKN7U=
github.com/matoous/go-nanoid/v2 v2.0.0 h1:d19kur2QuLeHmJBkvYkFdhFBzLoo1XVm2GgTpL+9Tj0=
github.com/matoous/go-nanoid/v2 v2.0.0/go.mod h1:FtS4aGPVfEkxKxhdWPAspZpZSh1cOjtM7Ej/So3hR0g=
github.com/oklog/run v1.1.0 h1:GEenZ1cK0+q0+wsJew9qUg/DyD8k3JzYsZAi5gYi2mA=
github.com/oklog/run v1.1.0/go.mod h1:sVPdnTZT1zYwAJeCMu2Th4T21pA3FPOQRfWjQlk7DVU=
github.com/pkg/errors v0.9.1 h1:FEBLx1zS214owpjy7qsBeixbURkuhQAwrK5UwLGTwt4=
github.com/pkg/errors v0.9.1/go.mod h1:bwawxfHBFNV+L2hUp1rHADufV3IMtnDRdf1r5NINEl0=
github.com/pmezard/go-difflib v1.0.0 h1:4DBwDE0NGyQoBHbLQYPwSUPoCMWR5BEzIk/f1lZbAQM=
github.com/pmezard/go-difflib v1.0.0/go.mod h1:iKH77koFhYxTK1pcRnkKkqfTogsbg7gZNVY4sRDYZ/4=
github.com/stretchr/objx v0.1.0/go.mod h1:HFkY916IF+rwdDfMAkV7OtwuqBVzrE8GR6GFx+wExME=
github.com/stretchr/objx v0.4.0/go.mod h1:YvHI0jy2hoMjB+UWwv71VJQ9isScKT/TqJzVSSt89Yw=
github.com/stretchr/objx v0.5.0/go.mod h1:Yh+to48EsGEfYuaHDzXPcE3xhTkx73EhmCGUpEOglKo=
github.com/stretchr/testify v1.6.1/go.mod h1:6Fq8oRcR53rry900zMqJjRRixrwX3KX962/h/Wwjteg=
github.com/stretchr/testify v1.7.1/go.mod h1:6Fq8oRcR53rry900zMqJjRRixrwX3KX962/h/Wwjteg=
github.com/stretchr/testify v1.8.0/go.mod h1:yNjHg4UonilssWZ8iaSj1OCr/vHnekPRkoO+kdMU+MU=
github.com/stretchr/testify v1.8.1 h1:w7B6lhMri9wdJUVmEZPGGhZzrYTPvgJArz7wNPgYKsk=
github.com/stretchr/testify v1.8.1/go.mod h1:w2LPCIKwWwSfY2zedu0+kehJoqGctiVI29o6fzry7u4=
golang.org/x/crypto v0.12.0 h1:tFM/ta59kqch6LlvYnPa0yx5a83cL2nHflFhYKvv9Yk=
golang.org/x/crypto v0.12.0/go.mod h1:NF0Gs7EO5K4qLn+Ylc+fih8BSTeIjAP05siRnAh98yw=
golang.org/x/crypto v0.15.0 h1:frVn1TEaCEaZcn3Tmd7Y2b5KKPaZ+I32Q2OA3kYp5TA=
golang.org/x/crypto v0.15.0/go.mod h1:4ChreQoLWfG3xLDer1WdlH5NdlQ3+mwnQq1YTKY+72g=
golang.org/x/net v0.14.0 h1:BONx9s002vGdD9umnlX1Po8vOZmrgH34qlHcD1MfK14=
golang.org/x/net v0.14.0/go.mod h1:PpSgVXXLK0OxS0F31C1/tv6XNguvCrnXIDrFMspZIUI=
golang.org/x/net v0.18.0 h1:mIYleuAkSbHh0tCv7RvjL3F6ZVbLjq4+R7zbOn3Kokg=
golang.org/x/net v0.18.0/go.mod h1:/czyP5RqHAH4odGYxBJ1qz0+CE5WZ+2j1YgoEo8F2jQ=
golang.org/x/text v0.13.0 h1:ablQoSUd0tRdKxZewP80B+BaqeKJuVhuRxj/dkrun3k=
golang.org/x/text v0.13.0/go.mod h1:TvPlkZtksWOMsz7fbANvkp4WM8x/WCo/om8BMLbz+aE=
golang.org/x/text v0.14.0 h1:ScX5w1eTa3QqT8oi6+ziP7dTV1S2+ALU0bI+0zXKWiQ=
golang.org/x/text v0.14.0/go.mod h1:18ZOQIKpY8NJVqYksKHtTdi31H5itFRjB5/qKTNYzSU=
gopkg.in/check.v1 v0.0.0-20161208181325-20d25e280405/go.mod h1:Co6ibVJAznAaIkqp8huTwlJQCZ016jof/cbN4VW5Yz0=
gopkg.in/check.v1 v1.0.0-20190902080502-41f04d3bba15 h1:YR8cESwS4TdDjEe65xsg0ogRM/Nc3DYOhEAlW+xobZo=
gopkg.in/check.v1 v1.0.0-20190902080502-41f04d3bba15/go.mod h1:Co6ibVJAznAaIkqp8huTwlJQCZ016jof/cbN4VW5Yz0=
gopkg.in/yaml.v3 v3.0.0-20200313102051-9f266ea9e77c/go.mod h1:K4uyk7z7BCEPqu6E+C64Yfv1cQ7kz7rIZviUmN+EgEM=
gopkg.in/yaml.v3 v3.0.1 h1:fxVm/GzAzEWqLHuvctI91KS9hhNmmWOoWu0XTYJS7CA=
gopkg.in/yaml.v3 v3.0.1/go.mod h1:K4uyk7z7BCEPqu6E+C64Yfv1cQ7kz7rIZviUmN+EgEM=
